
Microsoft Visual Studio Solution File, Format Version 12.00
# Visual Studio Version 16
VisualStudioVersion = 16.0.28803.352
MinimumVisualStudioVersion = 10.0.40219.1
Project("{9A19103F-16F7-4668-BE54-9A1E7A4F7556}") = "XBNLibrary", "XBNLibrary\XBNLibrary.csproj", "{3909C4F8-379A-484C-9D29-3095E2D8CB99}"
EndProject
Project("{FAE04EC0-301F-11D3-BF4B-00C04F79EFBC}") = "XBNLoader", "XBNLoader\XBNLoader.csproj", "{FD0D35F8-48CD-4A45-B498-AF364470AD1E}"
EndProject
Global
	GlobalSection(SolutionConfigurationPlatforms) = preSolution
		Debug|Any CPU = Debug|Any CPU
		Release|Any CPU = Release|Any CPU
	EndGlobalSection
	GlobalSection(ProjectConfigurationPlatforms) = postSolution
		{3909C4F8-379A-484C-9D29-3095E2D8CB99}.Debug|Any CPU.ActiveCfg = Debug|Any CPU
		{3909C4F8-379A-484C-9D29-3095E2D8CB99}.Debug|Any CPU.Build.0 = Debug|Any CPU
		{3909C4F8-379A-484C-9D29-3095E2D8CB99}.Release|Any CPU.ActiveCfg = Release|Any CPU
		{3909C4F8-379A-484C-9D29-3095E2D8CB99}.Release|Any CPU.Build.0 = Release|Any CPU
		{FD0D35F8-48CD-4A45-B498-AF364470AD1E}.Debug|Any CPU.ActiveCfg = Debug|Any CPU
		{FD0D35F8-48CD-4A45-B498-AF364470AD1E}.Debug|Any CPU.Build.0 = Debug|Any CPU
		{FD0D35F8-48CD-4A45-B498-AF364470AD1E}.Release|Any CPU.ActiveCfg = Release|Any CPU
		{FD0D35F8-48CD-4A45-B498-AF364470AD1E}.Release|Any CPU.Build.0 = Release|Any CPU
	EndGlobalSection
	GlobalSection(SolutionProperties) = preSolution
		HideSolutionNode = FALSE
	EndGlobalSection
	GlobalSection(ExtensibilityGlobals) = postSolution
		SolutionGuid = {83BA7E47-7D83-4519-BEA5-BB2749434B25}
	EndGlobalSection
EndGlobal
